
Microsoft Visual Studio Solution File, Format Version 12.00
# Visual Studio Version 16
VisualStudioVersion = 16.0.31321.278
MinimumVisualStudioVersion = 10.0.40219.1
Project("{9A19103F-16F7-4668-BE54-9A1E7A4F7556}") = "MarsRobot", "MarsRobot\MarsRobot.csproj", "{713E61DE-3453-467B-A8BE-81DC59ACE5EC}"
EndProject
Project("{FAE04EC0-301F-11D3-BF4B-00C04F79EFBC}") = "MarsRobot.test", "MarsRobot.test\MarsRobot.test.csproj", "{A7D6786F-B375-46B6-94DE-9D6D39DFFD9D}"
EndProject
Global
	GlobalSection(SolutionConfigurationPlatforms) = preSolution
		Debug|Any CPU = Debug|Any CPU
		Release|Any CPU = Release|Any CPU
	EndGlobalSection
	GlobalSection(ProjectConfigurationPlatforms) = postSolution
		{713E61DE-3453-467B-A8BE-81DC59ACE5EC}.Debug|Any CPU.ActiveCfg = Debug|Any CPU
		{713E61DE-3453-467B-A8BE-81DC59ACE5EC}.Debug|Any CPU.Build.0 = Debug|Any CPU
		{713E61DE-3453-467B-A8BE-81DC59ACE5EC}.Release|Any CPU.ActiveCfg = Release|Any CPU
		{713E61DE-3453-467B-A8BE-81DC59ACE5EC}.Release|Any CPU.Build.0 = Release|Any CPU
		{A7D6786F-B375-46B6-94DE-9D6D39DFFD9D}.Debug|Any CPU.ActiveCfg = Debug|Any CPU
		{A7D6786F-B375-46B6-94DE-9D6D39DFFD9D}.Debug|Any CPU.Build.0 = Debug|Any CPU
		{A7D6786F-B375-46B6-94DE-9D6D39DFFD9D}.Release|Any CPU.ActiveCfg = Release|Any CPU
		{A7D6786F-B375-46B6-94DE-9D6D39DFFD9D}.Release|Any CPU.Build.0 = Release|Any CPU
	EndGlobalSection
	GlobalSection(SolutionProperties) = preSolution
		HideSolutionNode = FALSE
	EndGlobalSection
	GlobalSection(ExtensibilityGlobals) = postSolution
		SolutionGuid = {A928D901-388B-412D-A79A-04D1BA1EFA63}
	EndGlobalSection
EndGlobal
